
Microsoft Visual Studio Solution File, Format Version 12.00
# Visual Studio Version 16
VisualStudioVersion = 16.0.30011.22
MinimumVisualStudioVersion = 10.0.40219.1
Project("{9A19103F-16F7-4668-BE54-9A1E7A4F7556}") = "Common", "Common\Common.csproj", "{C9757D66-FD3E-468D-A189-90437EC3E950}"
EndProject
Project("{9A19103F-16F7-4668-BE54-9A1E7A4F7556}") = "MVVM", "MVVM\MVVM.csproj", "{9EE1C115-5524-48DA-8D4E-7FF842067A20}"
EndProject
Project("{9A19103F-16F7-4668-BE54-9A1E7A4F7556}") = "Launcher", "Launcher\Launcher.csproj", "{B8E6CCC3-D707-43ED-988C-DBEC1045D654}"
EndProject
Project("{9A19103F-16F7-4668-BE54-9A1E7A4F7556}") = "Themes", "Themes\Themes.csproj", "{E49838CF-67D3-4DA5-B28B-5C18B69B92EE}"
EndProject
Global
	GlobalSection(SolutionConfigurationPlatforms) = preSolution
		Debug|Any CPU = Debug|Any CPU
		Release|Any CPU = Release|Any CPU
	EndGlobalSection
	GlobalSection(ProjectConfigurationPlatforms) = postSolution
		{C9757D66-FD3E-468D-A189-90437EC3E950}.Debug|Any CPU.ActiveCfg = Debug|Any CPU
		{C9757D66-FD3E-468D-A189-90437EC3E950}.Debug|Any CPU.Build.0 = Debug|Any CPU
		{C9757D66-FD3E-468D-A189-90437EC3E950}.Release|Any CPU.ActiveCfg = Release|Any CPU
		{C9757D66-FD3E-468D-A189-90437EC3E950}.Release|Any CPU.Build.0 = Release|Any CPU
		{9EE1C115-5524-48DA-8D4E-7FF842067A20}.Debug|Any CPU.ActiveCfg = Debug|Any CPU
		{9EE1C115-5524-48DA-8D4E-7FF842067A20}.Debug|Any CPU.Build.0 = Debug|Any CPU
		{9EE1C115-5524-48DA-8D4E-7FF842067A20}.Release|Any CPU.ActiveCfg = Release|Any CPU
		{9EE1C115-5524-48DA-8D4E-7FF842067A20}.Release|Any CPU.Build.0 = Release|Any CPU
		{B8E6CCC3-D707-43ED-988C-DBEC1045D654}.Debug|Any CPU.ActiveCfg = Debug|Any CPU
		{B8E6CCC3-D707-43ED-988C-DBEC1045D654}.Debug|Any CPU.Build.0 = Debug|Any CPU
		{B8E6CCC3-D707-43ED-988C-DBEC1045D654}.Release|Any CPU.ActiveCfg = Release|Any CPU
		{B8E6CCC3-D707-43ED-988C-DBEC1045D654}.Release|Any CPU.Build.0 = Release|Any CPU
		{E49838CF-67D3-4DA5-B28B-5C18B69B92EE}.Debug|Any CPU.ActiveCfg = Debug|Any CPU
		{E49838CF-67D3-4DA5-B28B-5C18B69B92EE}.Debug|Any CPU.Build.0 = Debug|Any CPU
		{E49838CF-67D3-4DA5-B28B-5C18B69B92EE}.Release|Any CPU.ActiveCfg = Release|Any CPU
		{E49838CF-67D3-4DA5-B28B-5C18B69B92EE}.Release|Any CPU.Build.0 = Release|Any CPU
	EndGlobalSection
	GlobalSection(SolutionProperties) = preSolution
		HideSolutionNode = FALSE
	EndGlobalSection
	GlobalSection(ExtensibilityGlobals) = postSolution
		SolutionGuid = {692CFE25-16B3-4B17-B734-224B2E1720CE}
	EndGlobalSection
EndGlobal
